// !$*UTF8*$!
{
	archiveVersion = 1;
	classes = {
	};
	objectVersion = 56;
	objects = {

/* Begin PBXBuildFile section */
		7846F7DA28E5CD1E003961E2 /* MainApp.swift in Sources */ = {isa = PBXBuildFile; fileRef = 7846F7D928E5CD1E003961E2 /* MainApp.swift */; };
		7846F7DC28E5CD1E003961E2 /* ContentView.swift in Sources */ = {isa = PBXBuildFile; fileRef = 7846F7DB28E5CD1E003961E2 /* ContentView.swift */; };
		7846F7DE28E5CD20003961E2 /* Assets.xcassets in Resources */ = {isa = PBXBuildFile; fileRef = 7846F7DD28E5CD20003961E2 /* Assets.xcassets */; };
		7846F7E128E5CD20003961E2 /* Preview Assets.xcassets in Resources */ = {isa = PBXBuildFile; fileRef = 7846F7E028E5CD20003961E2 /* Preview Assets.xcassets */; };
		7846F7EB28E5CD20003961E2 /* FulltextSearchTests.swift in Sources */ = {isa = PBXBuildFile; fileRef = 7846F7EA28E5CD20003961E2 /* FulltextSearchTests.swift */; };
		7846F80528E5CE15003961E2 /* ComposableArchitecture in Frameworks */ = {isa = PBXBuildFile; productRef = 7846F80428E5CE15003961E2 /* ComposableArchitecture */; };
		7846F80C28E5CEFB003961E2 /* SearchEffects.swift in Sources */ = {isa = PBXBuildFile; fileRef = 7846F80B28E5CEFB003961E2 /* SearchEffects.swift */; };
		7846F80E28E5CF0F003961E2 /* SearchModel.swift in Sources */ = {isa = PBXBuildFile; fileRef = 7846F80D28E5CF0F003961E2 /* SearchModel.swift */; };
		7846F81028E5CF20003961E2 /* SearchView.swift in Sources */ = {isa = PBXBuildFile; fileRef = 7846F80F28E5CF20003961E2 /* SearchView.swift */; };
		7846F81428E5D02F003961E2 /* RootView.swift in Sources */ = {isa = PBXBuildFile; fileRef = 7846F81328E5D02F003961E2 /* RootView.swift */; };
		7846F81628E5D1CD003961E2 /* APIError.swift in Sources */ = {isa = PBXBuildFile; fileRef = 7846F81528E5D1CD003961E2 /* APIError.swift */; };
		7846F81828E5D324003961E2 /* SystemEnvironment.swift in Sources */ = {isa = PBXBuildFile; fileRef = 7846F81728E5D324003961E2 /* SystemEnvironment.swift */; };
		787FF49F28E72678001C4130 /* StringExt.swift in Sources */ = {isa = PBXBuildFile; fileRef = 787FF49E28E72678001C4130 /* StringExt.swift */; };
		787FF4A528F1A79E001C4130 /* SearchState.swift in Sources */ = {isa = PBXBuildFile; fileRef = 787FF4A428F1A79E001C4130 /* SearchState.swift */; };
		787FF4A728F1A7AE001C4130 /* SearchReducer.swift in Sources */ = {isa = PBXBuildFile; fileRef = 787FF4A628F1A7AE001C4130 /* SearchReducer.swift */; };
		787FF4A928F1A7C0001C4130 /* SearchAction.swift in Sources */ = {isa = PBXBuildFile; fileRef = 787FF4A828F1A7C0001C4130 /* SearchAction.swift */; };
		787FF4AB28F1A7DA001C4130 /* SearchEnvironment.swift in Sources */ = {isa = PBXBuildFile; fileRef = 787FF4AA28F1A7DA001C4130 /* SearchEnvironment.swift */; };
		787FF4AD28F1A8C4001C4130 /* RootState.swift in Sources */ = {isa = PBXBuildFile; fileRef = 787FF4AC28F1A8C4001C4130 /* RootState.swift */; };
		787FF4AF28F1A8CF001C4130 /* RootAction.swift in Sources */ = {isa = PBXBuildFile; fileRef = 787FF4AE28F1A8CF001C4130 /* RootAction.swift */; };
		787FF4B128F1A8DC001C4130 /* RootEnvironment.swift in Sources */ = {isa = PBXBuildFile; fileRef = 787FF4B028F1A8DC001C4130 /* RootEnvironment.swift */; };
		787FF4B328F1A8E7001C4130 /* RootReducer.swift in Sources */ = {isa = PBXBuildFile; fileRef = 787FF4B228F1A8E7001C4130 /* RootReducer.swift */; };
		787FF4BA28F43C6D001C4130 /* SDWebImageSwiftUI in Frameworks */ = {isa = PBXBuildFile; productRef = 787FF4B928F43C6D001C4130 /* SDWebImageSwiftUI */; };
		789C48C528F48B5600572CF6 /* SearchCategory.swift in Sources */ = {isa = PBXBuildFile; fileRef = 789C48C428F48B5600572CF6 /* SearchCategory.swift */; };
		789C48C828F5422D00572CF6 /* ClearButton.swift in Sources */ = {isa = PBXBuildFile; fileRef = 789C48C728F5422D00572CF6 /* ClearButton.swift */; };
		789C48CB28F5504100572CF6 /* LineImageView.swift in Sources */ = {isa = PBXBuildFile; fileRef = 789C48CA28F5504100572CF6 /* LineImageView.swift */; };
		789C48CE28F553B100572CF6 /* SearchDetailView.swift in Sources */ = {isa = PBXBuildFile; fileRef = 789C48CD28F553B100572CF6 /* SearchDetailView.swift */; };
		789C48D028F56F1300572CF6 /* SearchAPIErrorResponse.swift in Sources */ = {isa = PBXBuildFile; fileRef = 789C48CF28F56F1300572CF6 /* SearchAPIErrorResponse.swift */; };
		789C48D428F699EE00572CF6 /* NetMonitor.swift in Sources */ = {isa = PBXBuildFile; fileRef = 789C48D328F699EE00572CF6 /* NetMonitor.swift */; };
		789C48D728F6E72E00572CF6 /* SDWebImageSwiftUI in Frameworks */ = {isa = PBXBuildFile; productRef = 789C48D628F6E72E00572CF6 /* SDWebImageSwiftUI */; };
/* End PBXBuildFile section */

/* Begin PBXContainerItemProxy section */
		7846F7E728E5CD20003961E2 /* PBXContainerItemProxy */ = {
			isa = PBXContainerItemProxy;
			containerPortal = 7846F7CE28E5CD1E003961E2 /* Project object */;
			proxyType = 1;
			remoteGlobalIDString = 7846F7D528E5CD1E003961E2;
			remoteInfo = FulltextSearch;
		};
/* End PBXContainerItemProxy section */

/* Begin PBXFileReference section */
		783E4BF428F83C11007AA393 /* FulltextSearchTests.xctest */ = {isa = PBXFileReference; explicitFileType = wrapper.cfbundle; includeInIndex = 0; name = FulltextSearchTests.xctest; path = "/Users/michalsenk/Documents/W/apps/__livesport/FulltextSearch/build/Debug-iphoneos/FulltextSearchTests.xctest"; sourceTree = "<absolute>"; };
		7846F7D928E5CD1E003961E2 /* MainApp.swift */ = {isa = PBXFileReference; lastKnownFileType = sourcecode.swift; path = MainApp.swift; sourceTree = "<group>"; };
		7846F7DB28E5CD1E003961E2 /* ContentView.swift */ = {isa = PBXFileReference; lastKnownFileType = sourcecode.swift; path = ContentView.swift; sourceTree = "<group>"; };
		7846F7DD28E5CD20003961E2 /* Assets.xcassets */ = {isa = PBXFileReference; lastKnownFileType = folder.assetcatalog; path = Assets.xcassets; sourceTree = "<group>"; };
		7846F7E028E5CD20003961E2 /* Preview Assets.xcassets */ = {isa = PBXFileReference; lastKnownFileType = folder.assetcatalog; path = "Preview Assets.xcassets"; sourceTree = "<group>"; };
		7846F7EA28E5CD20003961E2 /* FulltextSearchTests.swift */ = {isa = PBXFileReference; lastKnownFileType = sourcecode.swift; path = FulltextSearchTests.swift; sourceTree = "<group>"; };
		7846F80B28E5CEFB003961E2 /* SearchEffects.swift */ = {isa = PBXFileReference; lastKnownFileType = sourcecode.swift; path = SearchEffects.swift; sourceTree = "<group>"; };
		7846F80D28E5CF0F003961E2 /* SearchModel.swift */ = {isa = PBXFileReference; lastKnownFileType = sourcecode.swift; path = SearchModel.swift; sourceTree = "<group>"; };
		7846F80F28E5CF20003961E2 /* SearchView.swift */ = {isa = PBXFileReference; lastKnownFileType = sourcecode.swift; path = SearchView.swift; sourceTree = "<group>"; };
		7846F81328E5D02F003961E2 /* RootView.swift */ = {isa = PBXFileReference; lastKnownFileType = sourcecode.swift; path = RootView.swift; sourceTree = "<group>"; };
		7846F81528E5D1CD003961E2 /* APIError.swift */ = {isa = PBXFileReference; lastKnownFileType = sourcecode.swift; path = APIError.swift; sourceTree = "<group>"; };
		7846F81728E5D324003961E2 /* SystemEnvironment.swift */ = {isa = PBXFileReference; lastKnownFileType = sourcecode.swift; path = SystemEnvironment.swift; sourceTree = "<group>"; };
		787FF49E28E72678001C4130 /* StringExt.swift */ = {isa = PBXFileReference; lastKnownFileType = sourcecode.swift; path = StringExt.swift; sourceTree = "<group>"; };
		787FF4A428F1A79E001C4130 /* SearchState.swift */ = {isa = PBXFileReference; lastKnownFileType = sourcecode.swift; path = SearchState.swift; sourceTree = "<group>"; };
		787FF4A628F1A7AE001C4130 /* SearchReducer.swift */ = {isa = PBXFileReference; lastKnownFileType = sourcecode.swift; path = SearchReducer.swift; sourceTree = "<group>"; };
		787FF4A828F1A7C0001C4130 /* SearchAction.swift */ = {isa = PBXFileReference; lastKnownFileType = sourcecode.swift; path = SearchAction.swift; sourceTree = "<group>"; };
		787FF4AA28F1A7DA001C4130 /* SearchEnvironment.swift */ = {isa = PBXFileReference; lastKnownFileType = sourcecode.swift; path = SearchEnvironment.swift; sourceTree = "<group>"; };
		787FF4AC28F1A8C4001C4130 /* RootState.swift */ = {isa = PBXFileReference; lastKnownFileType = sourcecode.swift; path = RootState.swift; sourceTree = "<group>"; };
		787FF4AE28F1A8CF001C4130 /* RootAction.swift */ = {isa = PBXFileReference; lastKnownFileType = sourcecode.swift; path = RootAction.swift; sourceTree = "<group>"; };
		787FF4B028F1A8DC001C4130 /* RootEnvironment.swift */ = {isa = PBXFileReference; lastKnownFileType = sourcecode.swift; path = RootEnvironment.swift; sourceTree = "<group>"; };
		787FF4B228F1A8E7001C4130 /* RootReducer.swift */ = {isa = PBXFileReference; lastKnownFileType = sourcecode.swift; path = RootReducer.swift; sourceTree = "<group>"; };
		789C48C428F48B5600572CF6 /* SearchCategory.swift */ = {isa = PBXFileReference; lastKnownFileType = sourcecode.swift; path = SearchCategory.swift; sourceTree = "<group>"; };
		789C48C728F5422D00572CF6 /* ClearButton.swift */ = {isa = PBXFileReference; lastKnownFileType = sourcecode.swift; path = ClearButton.swift; sourceTree = "<group>"; };
		789C48CA28F5504100572CF6 /* LineImageView.swift */ = {isa = PBXFileReference; lastKnownFileType = sourcecode.swift; path = LineImageView.swift; sourceTree = "<group>"; };
		789C48CD28F553B100572CF6 /* SearchDetailView.swift */ = {isa = PBXFileReference; lastKnownFileType = sourcecode.swift; path = SearchDetailView.swift; sourceTree = "<group>"; };
		789C48CF28F56F1300572CF6 /* SearchAPIErrorResponse.swift */ = {isa = PBXFileReference; lastKnownFileType = sourcecode.swift; path = SearchAPIErrorResponse.swift; sourceTree = "<group>"; };
		789C48D328F699EE00572CF6 /* NetMonitor.swift */ = {isa = PBXFileReference; lastKnownFileType = sourcecode.swift; path = NetMonitor.swift; sourceTree = "<group>"; };
		78CD5F5B28F80CF200BDBABC /* FulltextSearch.app */ = {isa = PBXFileReference; explicitFileType = wrapper.application; includeInIndex = 0; path = FulltextSearch.app; sourceTree = BUILT_PRODUCTS_DIR; };
/* End PBXFileReference section */

/* Begin PBXFrameworksBuildPhase section */
		7846F7D328E5CD1E003961E2 /* Frameworks */ = {
			isa = PBXFrameworksBuildPhase;
			buildActionMask = 2147483647;
			files = (
				787FF4BA28F43C6D001C4130 /* SDWebImageSwiftUI in Frameworks */,
				7846F80528E5CE15003961E2 /* ComposableArchitecture in Frameworks */,
			);
			runOnlyForDeploymentPostprocessing = 0;
		};
		7846F7E328E5CD20003961E2 /* Frameworks */ = {
			isa = PBXFrameworksBuildPhase;
			buildActionMask = 2147483647;
			files = (
				789C48D728F6E72E00572CF6 /* SDWebImageSwiftUI in Frameworks */,
			);
			runOnlyForDeploymentPostprocessing = 0;
		};
/* End PBXFrameworksBuildPhase section */

/* Begin PBXGroup section */
		7846F7CD28E5CD1E003961E2 = {
			isa = PBXGroup;
			children = (
				7846F7D828E5CD1E003961E2 /* FulltextSearch */,
				7846F7E928E5CD20003961E2 /* FulltextSearchTests */,
				789C48D528F6E72E00572CF6 /* Frameworks */,
				78CD5F5B28F80CF200BDBABC /* FulltextSearch.app */,
			);
			sourceTree = "<group>";
		};
		7846F7D828E5CD1E003961E2 /* FulltextSearch */ = {
			isa = PBXGroup;
			children = (
				7846F7D928E5CD1E003961E2 /* MainApp.swift */,
				7846F7DB28E5CD1E003961E2 /* ContentView.swift */,
				7846F80628E5CE59003961E2 /* Root */,
				7846F80728E5CE61003961E2 /* Shared */,
				7846F80828E5CE6F003961E2 /* Search */,
				7846F7DD28E5CD20003961E2 /* Assets.xcassets */,
				7846F7DF28E5CD20003961E2 /* Preview Content */,
			);
			path = FulltextSearch;
			sourceTree = "<group>";
		};
		7846F7DF28E5CD20003961E2 /* Preview Content */ = {
			isa = PBXGroup;
			children = (
				7846F7E028E5CD20003961E2 /* Preview Assets.xcassets */,
			);
			path = "Preview Content";
			sourceTree = "<group>";
		};
		7846F7E928E5CD20003961E2 /* FulltextSearchTests */ = {
			isa = PBXGroup;
			children = (
				7846F7EA28E5CD20003961E2 /* FulltextSearchTests.swift */,
			);
			path = FulltextSearchTests;
			sourceTree = "<group>";
		};
		7846F80628E5CE59003961E2 /* Root */ = {
			isa = PBXGroup;
			children = (
				787FF4AE28F1A8CF001C4130 /* RootAction.swift */,
				787FF4B028F1A8DC001C4130 /* RootEnvironment.swift */,
				787FF4B228F1A8E7001C4130 /* RootReducer.swift */,
				787FF4AC28F1A8C4001C4130 /* RootState.swift */,
				7846F81328E5D02F003961E2 /* RootView.swift */,
			);
			path = Root;
			sourceTree = "<group>";
		};
		7846F80728E5CE61003961E2 /* Shared */ = {
			isa = PBXGroup;
			children = (
				789C48C628F541F600572CF6 /* View */,
				7846F81528E5D1CD003961E2 /* APIError.swift */,
				7846F81728E5D324003961E2 /* SystemEnvironment.swift */,
				789C48D328F699EE00572CF6 /* NetMonitor.swift */,
			);
			path = Shared;
			sourceTree = "<group>";
		};
		7846F80828E5CE6F003961E2 /* Search */ = {
			isa = PBXGroup;
			children = (
				789C48C928F54FFF00572CF6 /* View */,
				787FF4A828F1A7C0001C4130 /* SearchAction.swift */,
				789C48CF28F56F1300572CF6 /* SearchAPIErrorResponse.swift */,
				789C48C428F48B5600572CF6 /* SearchCategory.swift */,
				7846F80B28E5CEFB003961E2 /* SearchEffects.swift */,
				787FF4AA28F1A7DA001C4130 /* SearchEnvironment.swift */,
				7846F80D28E5CF0F003961E2 /* SearchModel.swift */,
				787FF4A628F1A7AE001C4130 /* SearchReducer.swift */,
				787FF4A428F1A79E001C4130 /* SearchState.swift */,
				7846F80F28E5CF20003961E2 /* SearchView.swift */,
				787FF49E28E72678001C4130 /* StringExt.swift */,
			);
			path = Search;
			sourceTree = "<group>";
		};
		789C48C628F541F600572CF6 /* View */ = {
			isa = PBXGroup;
			children = (
				789C48C728F5422D00572CF6 /* ClearButton.swift */,
			);
			path = View;
			sourceTree = "<group>";
		};
		789C48C928F54FFF00572CF6 /* View */ = {
			isa = PBXGroup;
			children = (
				789C48CD28F553B100572CF6 /* SearchDetailView.swift */,
				789C48CA28F5504100572CF6 /* LineImageView.swift */,
			);
			path = View;
			sourceTree = "<group>";
		};
		789C48D528F6E72E00572CF6 /* Frameworks */ = {
			isa = PBXGroup;
			children = (
			);
			name = Frameworks;
			sourceTree = "<group>";
		};
/* End PBXGroup section */

/* Begin PBXNativeTarget section */
		7846F7D528E5CD1E003961E2 /* FulltextSearch */ = {
			isa = PBXNativeTarget;
			buildConfigurationList = 7846F7FA28E5CD20003961E2 /* Build configuration list for PBXNativeTarget "FulltextSearch" */;
			buildPhases = (
				7846F7D228E5CD1E003961E2 /* Sources */,
				7846F7D328E5CD1E003961E2 /* Frameworks */,
				7846F7D428E5CD1E003961E2 /* Resources */,
				787FF4A328E735F9001C4130 /* ShellScript */,
			);
			buildRules = (
			);
			dependencies = (
			);
			name = FulltextSearch;
			packageProductDependencies = (
				7846F80428E5CE15003961E2 /* ComposableArchitecture */,
				787FF4B928F43C6D001C4130 /* SDWebImageSwiftUI */,
			);
			productName = FulltextSearch;
			productReference = 78CD5F5B28F80CF200BDBABC /* FulltextSearch.app */;
			productType = "com.apple.product-type.application";
		};
		7846F7E528E5CD20003961E2 /* FulltextSearchTests */ = {
			isa = PBXNativeTarget;
			buildConfigurationList = 7846F7FD28E5CD20003961E2 /* Build configuration list for PBXNativeTarget "FulltextSearchTests" */;
			buildPhases = (
				7846F7E228E5CD20003961E2 /* Sources */,
				7846F7E328E5CD20003961E2 /* Frameworks */,
				7846F7E428E5CD20003961E2 /* Resources */,
			);
			buildRules = (
			);
			dependencies = (
				7846F7E828E5CD20003961E2 /* PBXTargetDependency */,
			);
			name = FulltextSearchTests;
			packageProductDependencies = (
				789C48D628F6E72E00572CF6 /* SDWebImageSwiftUI */,
			);
			productName = FulltextSearchTests;
			productReference = 783E4BF428F83C11007AA393 /* FulltextSearchTests.xctest */;
			productType = "com.apple.product-type.bundle.unit-test";
		};
/* End PBXNativeTarget section */

/* Begin PBXProject section */
		7846F7CE28E5CD1E003961E2 /* Project object */ = {
			isa = PBXProject;
			attributes = {
				BuildIndependentTargetsInParallel = 1;
				LastSwiftUpdateCheck = 1400;
				LastUpgradeCheck = 1400;
				TargetAttributes = {
					7846F7D528E5CD1E003961E2 = {
						CreatedOnToolsVersion = 14.0.1;
					};
					7846F7E528E5CD20003961E2 = {
						CreatedOnToolsVersion = 14.0.1;
						TestTargetID = 7846F7D528E5CD1E003961E2;
					};
				};
			};
			buildConfigurationList = 7846F7D128E5CD1E003961E2 /* Build configuration list for PBXProject "FulltextSearch" */;
			compatibilityVersion = "Xcode 14.0";
			developmentRegion = en;
			hasScannedForEncodings = 0;
			knownRegions = (
				en,
				Base,
			);
			mainGroup = 7846F7CD28E5CD1E003961E2;
			packageReferences = (
				7846F80328E5CE15003961E2 /* XCRemoteSwiftPackageReference "swift-composable-architecture" */,
				787FF4B828F43C6D001C4130 /* XCRemoteSwiftPackageReference "SDWebImageSwiftUI" */,
			);
			productRefGroup = 7846F7CD28E5CD1E003961E2;
			projectDirPath = "";
			projectRoot = "";
			targets = (
				7846F7D528E5CD1E003961E2 /* FulltextSearch */,
				7846F7E528E5CD20003961E2 /* FulltextSearchTests */,
			);
		};
/* End PBXProject section */

/* Begin PBXResourcesBuildPhase section */
		7846F7D428E5CD1E003961E2 /* Resources */ = {
			isa = PBXResourcesBuildPhase;
			buildActionMask = 2147483647;
			files = (
				7846F7E128E5CD20003961E2 /* Preview Assets.xcassets in Resources */,
				7846F7DE28E5CD20003961E2 /* Assets.xcassets in Resources */,
			);
			runOnlyForDeploymentPostprocessing = 0;
		};
		7846F7E428E5CD20003961E2 /* Resources */ = {
			isa = PBXResourcesBuildPhase;
			buildActionMask = 2147483647;
			files = (
			);
			runOnlyForDeploymentPostprocessing = 0;
		};
/* End PBXResourcesBuildPhase section */

/* Begin PBXShellScriptBuildPhase section */
		787FF4A328E735F9001C4130 /* ShellScript */ = {
			isa = PBXShellScriptBuildPhase;
			buildActionMask = 2147483647;
			files = (
			);
			inputFileListPaths = (
			);
			inputPaths = (
			);
			outputFileListPaths = (
			);
			outputPaths = (
			);
			runOnlyForDeploymentPostprocessing = 0;
			shellPath = /bin/sh;
			shellScript = "if which swiftlint >/dev/null; then\n\tswiftlint\nelse \n\techo \"warning: SwiftLint not installed, download from https: //github.com/realm/SwiftLint\"\nfi\n";
		};
/* End PBXShellScriptBuildPhase section */

/* Begin PBXSourcesBuildPhase section */
		7846F7D228E5CD1E003961E2 /* Sources */ = {
			isa = PBXSourcesBuildPhase;
			buildActionMask = 2147483647;
			files = (
				789C48CB28F5504100572CF6 /* LineImageView.swift in Sources */,
				787FF4AB28F1A7DA001C4130 /* SearchEnvironment.swift in Sources */,
				7846F81828E5D324003961E2 /* SystemEnvironment.swift in Sources */,
				787FF49F28E72678001C4130 /* StringExt.swift in Sources */,
				7846F81428E5D02F003961E2 /* RootView.swift in Sources */,
				787FF4A928F1A7C0001C4130 /* SearchAction.swift in Sources */,
				787FF4A528F1A79E001C4130 /* SearchState.swift in Sources */,
				789C48D028F56F1300572CF6 /* SearchAPIErrorResponse.swift in Sources */,
				7846F80C28E5CEFB003961E2 /* SearchEffects.swift in Sources */,
				787FF4A728F1A7AE001C4130 /* SearchReducer.swift in Sources */,
				789C48D428F699EE00572CF6 /* NetMonitor.swift in Sources */,
				7846F7DC28E5CD1E003961E2 /* ContentView.swift in Sources */,
				7846F7DA28E5CD1E003961E2 /* MainApp.swift in Sources */,
				787FF4AD28F1A8C4001C4130 /* RootState.swift in Sources */,
				789C48C528F48B5600572CF6 /* SearchCategory.swift in Sources */,
				7846F80E28E5CF0F003961E2 /* SearchModel.swift in Sources */,
				7846F81028E5CF20003961E2 /* SearchView.swift in Sources */,
				789C48CE28F553B100572CF6 /* SearchDetailView.swift in Sources */,
				789C48C828F5422D00572CF6 /* ClearButton.swift in Sources */,
				787FF4AF28F1A8CF001C4130 /* RootAction.swift in Sources */,
				7846F81628E5D1CD003961E2 /* APIError.swift in Sources */,
				787FF4B328F1A8E7001C4130 /* RootReducer.swift in Sources */,
				787FF4B128F1A8DC001C4130 /* RootEnvironment.swift in Sources */,
			);
			runOnlyForDeploymentPostprocessing = 0;
		};
		7846F7E228E5CD20003961E2 /* Sources */ = {
			isa = PBXSourcesBuildPhase;
			buildActionMask = 2147483647;
			files = (
				7846F7EB28E5CD20003961E2 /* FulltextSearchTests.swift in Sources */,
			);
			runOnlyForDeploymentPostprocessing = 0;
		};
/* End PBXSourcesBuildPhase section */

/* Begin PBXTargetDependency section */
		7846F7E828E5CD20003961E2 /* PBXTargetDependency */ = {
			isa = PBXTargetDependency;
			target = 7846F7D528E5CD1E003961E2 /* FulltextSearch */;
			targetProxy = 7846F7E728E5CD20003961E2 /* PBXContainerItemProxy */;
		};
/* End PBXTargetDependency section */

/* Begin XCBuildConfiguration section */
		7846F7F828E5CD20003961E2 /* Debug */ = {
			isa = XCBuildConfiguration;
			buildSettings = {
				ALWAYS_SEARCH_USER_PATHS = NO;
				CLANG_ANALYZER_NONNULL = YES;
				CLANG_ANALYZER_NUMBER_OBJECT_CONVERSION = YES_AGGRESSIVE;
				CLANG_CXX_LANGUAGE_STANDARD = "gnu++20";
				CLANG_ENABLE_MODULES = YES;
				CLANG_ENABLE_OBJC_ARC = YES;
				CLANG_ENABLE_OBJC_WEAK = YES;
				CLANG_WARN_BLOCK_CAPTURE_AUTORELEASING = YES;
				CLANG_WARN_BOOL_CONVERSION = YES;
				CLANG_WARN_COMMA = YES;
				CLANG_WARN_CONSTANT_CONVERSION = YES;
				CLANG_WARN_DEPRECATED_OBJC_IMPLEMENTATIONS = YES;
				CLANG_WARN_DIRECT_OBJC_ISA_USAGE = YES_ERROR;
				CLANG_WARN_DOCUMENTATION_COMMENTS = YES;
				CLANG_WARN_EMPTY_BODY = YES;
				CLANG_WARN_ENUM_CONVERSION = YES;
				CLANG_WARN_INFINITE_RECURSION = YES;
				CLANG_WARN_INT_CONVERSION = YES;
				CLANG_WARN_NON_LITERAL_NULL_CONVERSION = YES;
				CLANG_WARN_OBJC_IMPLICIT_RETAIN_SELF = YES;
				CLANG_WARN_OBJC_LITERAL_CONVERSION = YES;
				CLANG_WARN_OBJC_ROOT_CLASS = YES_ERROR;
				CLANG_WARN_QUOTED_INCLUDE_IN_FRAMEWORK_HEADER = YES;
				CLANG_WARN_RANGE_LOOP_ANALYSIS = YES;
				CLANG_WARN_STRICT_PROTOTYPES = YES;
				CLANG_WARN_SUSPICIOUS_MOVE = YES;
				CLANG_WARN_UNGUARDED_AVAILABILITY = YES_AGGRESSIVE;
				CLANG_WARN_UNREACHABLE_CODE = YES;
				CLANG_WARN__DUPLICATE_METHOD_MATCH = YES;
				COPY_PHASE_STRIP = NO;
				DEBUG_INFORMATION_FORMAT = dwarf;
				ENABLE_STRICT_OBJC_MSGSEND = YES;
				ENABLE_TESTABILITY = YES;
				GCC_C_LANGUAGE_STANDARD = gnu11;
				GCC_DYNAMIC_NO_PIC = NO;
				GCC_NO_COMMON_BLOCKS = YES;
				GCC_OPTIMIZATION_LEVEL = 0;
				GCC_PREPROCESSOR_DEFINITIONS = (
					"DEBUG=1",
					"$(inherited)",
				);
				GCC_WARN_64_TO_32_BIT_CONVERSION = YES;
				GCC_WARN_ABOUT_RETURN_TYPE = YES_ERROR;
				GCC_WARN_UNDECLARED_SELECTOR = YES;
				GCC_WARN_UNINITIALIZED_AUTOS = YES_AGGRESSIVE;
				GCC_WARN_UNUSED_FUNCTION = YES;
				GCC_WARN_UNUSED_VARIABLE = YES;
				IPHONEOS_DEPLOYMENT_TARGET = 16.0;
				MTL_ENABLE_DEBUG_INFO = INCLUDE_SOURCE;
				MTL_FAST_MATH = YES;
				ONLY_ACTIVE_ARCH = YES;
				SDKROOT = iphoneos;
				SWIFT_ACTIVE_COMPILATION_CONDITIONS = DEBUG;
				SWIFT_OPTIMIZATION_LEVEL = "-Onone";
			};
			name = Debug;
		};
		7846F7F928E5CD20003961E2 /* Release */ = {
			isa = XCBuildConfiguration;
			buildSettings = {
				ALWAYS_SEARCH_USER_PATHS = NO;
				CLANG_ANALYZER_NONNULL = YES;
				CLANG_ANALYZER_NUMBER_OBJECT_CONVERSION = YES_AGGRESSIVE;
				CLANG_CXX_LANGUAGE_STANDARD = "gnu++20";
				CLANG_ENABLE_MODULES = YES;
				CLANG_ENABLE_OBJC_ARC = YES;
				CLANG_ENABLE_OBJC_WEAK = YES;
				CLANG_WARN_BLOCK_CAPTURE_AUTORELEASING = YES;
				CLANG_WARN_BOOL_CONVERSION = YES;
				CLANG_WARN_COMMA = YES;
				CLANG_WARN_CONSTANT_CONVERSION = YES;
				CLANG_WARN_DEPRECATED_OBJC_IMPLEMENTATIONS = YES;
				CLANG_WARN_DIRECT_OBJC_ISA_USAGE = YES_ERROR;
				CLANG_WARN_DOCUMENTATION_COMMENTS = YES;
				CLANG_WARN_EMPTY_BODY = YES;
				CLANG_WARN_ENUM_CONVERSION = YES;
				CLANG_WARN_INFINITE_RECURSION = YES;
				CLANG_WARN_INT_CONVERSION = YES;
				CLANG_WARN_NON_LITERAL_NULL_CONVERSION = YES;
				CLANG_WARN_OBJC_IMPLICIT_RETAIN_SELF = YES;
				CLANG_WARN_OBJC_LITERAL_CONVERSION = YES;
				CLANG_WARN_OBJC_ROOT_CLASS = YES_ERROR;
				CLANG_WARN_QUOTED_INCLUDE_IN_FRAMEWORK_HEADER = YES;
				CLANG_WARN_RANGE_LOOP_ANALYSIS = YES;
				CLANG_WARN_STRICT_PROTOTYPES = YES;
				CLANG_WARN_SUSPICIOUS_MOVE = YES;
				CLANG_WARN_UNGUARDED_AVAILABILITY = YES_AGGRESSIVE;
				CLANG_WARN_UNREACHABLE_CODE = YES;
				CLANG_WARN__DUPLICATE_METHOD_MATCH = YES;
				COPY_PHASE_STRIP = NO;
				DEBUG_INFORMATION_FORMAT = "dwarf-with-dsym";
				ENABLE_NS_ASSERTIONS = NO;
				ENABLE_STRICT_OBJC_MSGSEND = YES;
				GCC_C_LANGUAGE_STANDARD = gnu11;
				GCC_NO_COMMON_BLOCKS = YES;
				GCC_WARN_64_TO_32_BIT_CONVERSION = YES;
				GCC_WARN_ABOUT_RETURN_TYPE = YES_ERROR;
				GCC_WARN_UNDECLARED_SELECTOR = YES;
				GCC_WARN_UNINITIALIZED_AUTOS = YES_AGGRESSIVE;
				GCC_WARN_UNUSED_FUNCTION = YES;
				GCC_WARN_UNUSED_VARIABLE = YES;
				IPHONEOS_DEPLOYMENT_TARGET = 16.0;
				MTL_ENABLE_DEBUG_INFO = NO;
				MTL_FAST_MATH = YES;
				SDKROOT = iphoneos;
				SWIFT_COMPILATION_MODE = wholemodule;
				SWIFT_OPTIMIZATION_LEVEL = "-O";
				VALIDATE_PRODUCT = YES;
			};
			name = Release;
		};
		7846F7FB28E5CD20003961E2 /* Debug */ = {
			isa = XCBuildConfiguration;
			buildSettings = {
				ASSETCATALOG_COMPILER_APPICON_NAME = AppIcon;
				ASSETCATALOG_COMPILER_GLOBAL_ACCENT_COLOR_NAME = AccentColor;
				CODE_SIGN_STYLE = Automatic;
				CURRENT_PROJECT_VERSION = 1;
				DEVELOPMENT_ASSET_PATHS = "\"FulltextSearch/Preview Content\"";
				DEVELOPMENT_TEAM = 5MD26QP2UL;
				ENABLE_PREVIEWS = YES;
				GENERATE_INFOPLIST_FILE = YES;
				INFOPLIST_KEY_UIApplicationSceneManifest_Generation = YES;
				INFOPLIST_KEY_UIApplicationSupportsIndirectInputEvents = YES;
				INFOPLIST_KEY_UILaunchScreen_Generation = YES;
				INFOPLIST_KEY_UISupportedInterfaceOrientations_iPad = "UIInterfaceOrientationPortrait UIInterfaceOrientationPortraitUpsideDown UIInterfaceOrientationLandscapeLeft UIInterfaceOrientationLandscapeRight";
				INFOPLIST_KEY_UISupportedInterfaceOrientations_iPhone = "UIInterfaceOrientationPortrait UIInterfaceOrientationLandscapeLeft UIInterfaceOrientationLandscapeRight";
				IPHONEOS_DEPLOYMENT_TARGET = 14.0;
				LD_RUNPATH_SEARCH_PATHS = (
					"$(inherited)",
					"@executable_path/Frameworks",
				);
				MARKETING_VERSION = 1.0;
				PRODUCT_BUNDLE_IDENTIFIER = cz.michalsenk.FulltextSearch;
				PRODUCT_NAME = "$(TARGET_NAME)";
				SWIFT_EMIT_LOC_STRINGS = YES;
				SWIFT_VERSION = 5.0;
				TARGETED_DEVICE_FAMILY = "1,2";
			};
			name = Debug;
		};
		7846F7FC28E5CD20003961E2 /* Release */ = {
			isa = XCBuildConfiguration;
			buildSettings = {
				ASSETCATALOG_COMPILER_APPICON_NAME = AppIcon;
				ASSETCATALOG_COMPILER_GLOBAL_ACCENT_COLOR_NAME = AccentColor;
				CODE_SIGN_STYLE = Automatic;
				CURRENT_PROJECT_VERSION = 1;
				DEVELOPMENT_ASSET_PATHS = "\"FulltextSearch/Preview Content\"";
				DEVELOPMENT_TEAM = 5MD26QP2UL;
				ENABLE_PREVIEWS = YES;
				GENERATE_INFOPLIST_FILE = YES;
				INFOPLIST_KEY_UIApplicationSceneManifest_Generation = YES;
				INFOPLIST_KEY_UIApplicationSupportsIndirectInputEvents = YES;
				INFOPLIST_KEY_UILaunchScreen_Generation = YES;
				INFOPLIST_KEY_UISupportedInterfaceOrientations_iPad = "UIInterfaceOrientationPortrait UIInterfaceOrientationPortraitUpsideDown UIInterfaceOrientationLandscapeLeft UIInterfaceOrientationLandscapeRight";
				INFOPLIST_KEY_UISupportedInterfaceOrientations_iPhone = "UIInterfaceOrientationPortrait UIInterfaceOrientationLandscapeLeft UIInterfaceOrientationLandscapeRight";
				IPHONEOS_DEPLOYMENT_TARGET = 14.0;
				LD_RUNPATH_SEARCH_PATHS = (
					"$(inherited)",
					"@executable_path/Frameworks",
				);
				MARKETING_VERSION = 1.0;
				PRODUCT_BUNDLE_IDENTIFIER = cz.michalsenk.FulltextSearch;
				PRODUCT_NAME = "$(TARGET_NAME)";
				SWIFT_EMIT_LOC_STRINGS = YES;
				SWIFT_VERSION = 5.0;
				TARGETED_DEVICE_FAMILY = "1,2";
			};
			name = Release;
		};
		7846F7FE28E5CD20003961E2 /* Debug */ = {
			isa = XCBuildConfiguration;
			buildSettings = {
				ALWAYS_EMBED_SWIFT_STANDARD_LIBRARIES = YES;
				BUNDLE_LOADER = "$(TEST_HOST)";
				CODE_SIGN_STYLE = Automatic;
				CURRENT_PROJECT_VERSION = 1;
				DEVELOPMENT_TEAM = 5MD26QP2UL;
				GENERATE_INFOPLIST_FILE = YES;
				IPHONEOS_DEPLOYMENT_TARGET = 16.0;
				MARKETING_VERSION = 1.0;
				PRODUCT_BUNDLE_IDENTIFIER = cz.michalsenk.FulltextSearchTests;
				PRODUCT_NAME = "$(TARGET_NAME)";
				SWIFT_EMIT_LOC_STRINGS = NO;
				SWIFT_VERSION = 5.0;
				TARGETED_DEVICE_FAMILY = "1,2";
				TEST_HOST = "$(BUILT_PRODUCTS_DIR)/FulltextSearch.app/$(BUNDLE_EXECUTABLE_FOLDER_PATH)/FulltextSearch";
			};
			name = Debug;
		};
		7846F7FF28E5CD20003961E2 /* Release */ = {
			isa = XCBuildConfiguration;
			buildSettings = {
				ALWAYS_EMBED_SWIFT_STANDARD_LIBRARIES = YES;
				BUNDLE_LOADER = "$(TEST_HOST)";
				CODE_SIGN_STYLE = Automatic;
				CURRENT_PROJECT_VERSION = 1;
				DEVELOPMENT_TEAM = 5MD26QP2UL;
				GENERATE_INFOPLIST_FILE = YES;
				IPHONEOS_DEPLOYMENT_TARGET = 16.0;
				MARKETING_VERSION = 1.0;
				PRODUCT_BUNDLE_IDENTIFIER = cz.michalsenk.FulltextSearchTests;
				PRODUCT_NAME = "$(TARGET_NAME)";
				SWIFT_EMIT_LOC_STRINGS = NO;
				SWIFT_VERSION = 5.0;
				TARGETED_DEVICE_FAMILY = "1,2";
				TEST_HOST = "$(BUILT_PRODUCTS_DIR)/FulltextSearch.app/$(BUNDLE_EXECUTABLE_FOLDER_PATH)/FulltextSearch";
			};
			name = Release;
		};
/* End XCBuildConfiguration section */

/* Begin XCConfigurationList section */
		7846F7D128E5CD1E003961E2 /* Build configuration list for PBXProject "FulltextSearch" */ = {
			isa = XCConfigurationList;
			buildConfigurations = (
				7846F7F828E5CD20003961E2 /* Debug */,
				7846F7F928E5CD20003961E2 /* Release */,
			);
			defaultConfigurationIsVisible = 0;
			defaultConfigurationName = Release;
		};
		7846F7FA28E5CD20003961E2 /* Build configuration list for PBXNativeTarget "FulltextSearch" */ = {
			isa = XCConfigurationList;
			buildConfigurations = (
				7846F7FB28E5CD20003961E2 /* Debug */,
				7846F7FC28E5CD20003961E2 /* Release */,
			);
			defaultConfigurationIsVisible = 0;
			defaultConfigurationName = Release;
		};
		7846F7FD28E5CD20003961E2 /* Build configuration list for PBXNativeTarget "FulltextSearchTests" */ = {
			isa = XCConfigurationList;
			buildConfigurations = (
				7846F7FE28E5CD20003961E2 /* Debug */,
				7846F7FF28E5CD20003961E2 /* Release */,
			);
			defaultConfigurationIsVisible = 0;
			defaultConfigurationName = Release;
		};
/* End XCConfigurationList section */

/* Begin XCRemoteSwiftPackageReference section */
		7846F80328E5CE15003961E2 /* XCRemoteSwiftPackageReference "swift-composable-architecture" */ = {
			isa = XCRemoteSwiftPackageReference;
			repositoryURL = "https://github.com/pointfreeco/swift-composable-architecture";
			requirement = {
				branch = main;
				kind = branch;
			};
		};
		787FF4B828F43C6D001C4130 /* XCRemoteSwiftPackageReference "SDWebImageSwiftUI" */ = {
			isa = XCRemoteSwiftPackageReference;
			repositoryURL = "https://github.com/SDWebImage/SDWebImageSwiftUI";
			requirement = {
				kind = upToNextMajorVersion;
				minimumVersion = 2.0.0;
			};
		};
/* End XCRemoteSwiftPackageReference section */

/* Begin XCSwiftPackageProductDependency section */
		7846F80428E5CE15003961E2 /* ComposableArchitecture */ = {
			isa = XCSwiftPackageProductDependency;
			package = 7846F80328E5CE15003961E2 /* XCRemoteSwiftPackageReference "swift-composable-architecture" */;
			productName = ComposableArchitecture;
		};
		787FF4B928F43C6D001C4130 /* SDWebImageSwiftUI */ = {
			isa = XCSwiftPackageProductDependency;
			package = 787FF4B828F43C6D001C4130 /* XCRemoteSwiftPackageReference "SDWebImageSwiftUI" */;
			productName = SDWebImageSwiftUI;
		};
		789C48D628F6E72E00572CF6 /* SDWebImageSwiftUI */ = {
			isa = XCSwiftPackageProductDependency;
			package = 787FF4B828F43C6D001C4130 /* XCRemoteSwiftPackageReference "SDWebImageSwiftUI" */;
			productName = SDWebImageSwiftUI;
		};
/* End XCSwiftPackageProductDependency section */
	};
	rootObject = 7846F7CE28E5CD1E003961E2 /* Project object */;
}
